// !$*UTF8*$!
{
	archiveVersion = 1;
	classes = {
	};
	objectVersion = 46;
	objects = {

/* Begin PBXBuildFile section */
		3A7A76CC1D64D24400C2BB29 /* manager.cpp in Sources */ = {isa = PBXBuildFile; fileRef = 3A7A76CA1D64D24400C2BB29 /* manager.cpp */; };
		3AA481AC1D50CFEE004A3287 /* minesweeper.cpp in Sources */ = {isa = PBXBuildFile; fileRef = 3AA481AA1D50CFEE004A3287 /* minesweeper.cpp */; };
		3AA481AF1D51189E004A3287 /* mineui.cpp in Sources */ = {isa = PBXBuildFile; fileRef = 3AA481AD1D51189E004A3287 /* mineui.cpp */; };
		3AA481B21D51C9D5004A3287 /* mineai.cpp in Sources */ = {isa = PBXBuildFile; fileRef = 3AA481B01D51C9D5004A3287 /* mineai.cpp */; };
		3AA481B51D51DB3C004A3287 /* minemanager.cpp in Sources */ = {isa = PBXBuildFile; fileRef = 3AA481B31D51DB3C004A3287 /* minemanager.cpp */; };
		3AB986BF1D44EF0300A30343 /* main.cpp in Sources */ = {isa = PBXBuildFile; fileRef = 3AB986BE1D44EF0300A30343 /* main.cpp */; };
/* End PBXBuildFile section */

/* Begin PBXCopyFilesBuildPhase section */
		3AB986B91D44EF0300A30343 /* CopyFiles */ = {
			isa = PBXCopyFilesBuildPhase;
			buildActionMask = 2147483647;
			dstPath = /usr/share/man/man1/;
			dstSubfolderSpec = 0;
			files = (
			);
			runOnlyForDeploymentPostprocessing = 1;
		};
/* End PBXCopyFilesBuildPhase section */

/* Begin PBXFileReference section */
		3A7A76CA1D64D24400C2BB29 /* manager.cpp */ = {isa = PBXFileReference; fileEncoding = 4; lastKnownFileType = sourcecode.cpp.cpp; path = manager.cpp; sourceTree = "<group>"; };
		3A7A76CB1D64D24400C2BB29 /* manager.hpp */ = {isa = PBXFileReference; fileEncoding = 4; lastKnownFileType = sourcecode.cpp.h; path = manager.hpp; sourceTree = "<group>"; };
		3AA481AA1D50CFEE004A3287 /* minesweeper.cpp */ = {isa = PBXFileReference; fileEncoding = 4; lastKnownFileType = sourcecode.cpp.cpp; path = minesweeper.cpp; sourceTree = "<group>"; };
		3AA481AB1D50CFEE004A3287 /* minesweeper.hpp */ = {isa = PBXFileReference; fileEncoding = 4; lastKnownFileType = sourcecode.cpp.h; path = minesweeper.hpp; sourceTree = "<group>"; };
		3AA481AD1D51189E004A3287 /* mineui.cpp */ = {isa = PBXFileReference; fileEncoding = 4; lastKnownFileType = sourcecode.cpp.cpp; path = mineui.cpp; sourceTree = "<group>"; };
		3AA481AE1D51189E004A3287 /* mineui.hpp */ = {isa = PBXFileReference; fileEncoding = 4; lastKnownFileType = sourcecode.cpp.h; path = mineui.hpp; sourceTree = "<group>"; };
		3AA481B01D51C9D5004A3287 /* mineai.cpp */ = {isa = PBXFileReference; fileEncoding = 4; lastKnownFileType = sourcecode.cpp.cpp; path = mineai.cpp; sourceTree = "<group>"; };
		3AA481B11D51C9D5004A3287 /* mineai.hpp */ = {isa = PBXFileReference; fileEncoding = 4; lastKnownFileType = sourcecode.cpp.h; path = mineai.hpp; sourceTree = "<group>"; };
		3AA481B31D51DB3C004A3287 /* minemanager.cpp */ = {isa = PBXFileReference; fileEncoding = 4; lastKnownFileType = sourcecode.cpp.cpp; path = minemanager.cpp; sourceTree = "<group>"; };
		3AA481B41D51DB3C004A3287 /* minemanager.hpp */ = {isa = PBXFileReference; fileEncoding = 4; lastKnownFileType = sourcecode.cpp.h; path = minemanager.hpp; sourceTree = "<group>"; };
		3AB986BB1D44EF0300A30343 /* minesweeper */ = {isa = PBXFileReference; explicitFileType = "compiled.mach-o.executable"; includeInIndex = 0; path = minesweeper; sourceTree = BUILT_PRODUCTS_DIR; };
		3AB986BE1D44EF0300A30343 /* main.cpp */ = {isa = PBXFileReference; lastKnownFileType = sourcecode.cpp.cpp; path = main.cpp; sourceTree = "<group>"; };
/* End PBXFileReference section */

/* Begin PBXFrameworksBuildPhase section */
		3AB986B81D44EF0300A30343 /* Frameworks */ = {
			isa = PBXFrameworksBuildPhase;
			buildActionMask = 2147483647;
			files = (
			);
			runOnlyForDeploymentPostprocessing = 0;
		};
/* End PBXFrameworksBuildPhase section */

/* Begin PBXGroup section */
		3AB986B21D44EF0300A30343 = {
			isa = PBXGroup;
			children = (
				3AB986BD1D44EF0300A30343 /* minesweeper */,
				3AB986BC1D44EF0300A30343 /* Products */,
			);
			sourceTree = "<group>";
		};
		3AB986BC1D44EF0300A30343 /* Products */ = {
			isa = PBXGroup;
			children = (
				3AB986BB1D44EF0300A30343 /* minesweeper */,
			);
			name = Products;
			sourceTree = "<group>";
		};
		3AB986BD1D44EF0300A30343 /* minesweeper */ = {
			isa = PBXGroup;
			children = (
				3AB986BE1D44EF0300A30343 /* main.cpp */,
				3AA481B31D51DB3C004A3287 /* minemanager.cpp */,
				3AA481B41D51DB3C004A3287 /* minemanager.hpp */,
				3AA481B01D51C9D5004A3287 /* mineai.cpp */,
				3AA481B11D51C9D5004A3287 /* mineai.hpp */,
				3AA481AD1D51189E004A3287 /* mineui.cpp */,
				3AA481AE1D51189E004A3287 /* mineui.hpp */,
				3A7A76CA1D64D24400C2BB29 /* manager.cpp */,
				3A7A76CB1D64D24400C2BB29 /* manager.hpp */,
				3AA481AA1D50CFEE004A3287 /* minesweeper.cpp */,
				3AA481AB1D50CFEE004A3287 /* minesweeper.hpp */,
			);
			path = minesweeper;
			sourceTree = "<group>";
		};
/* End PBXGroup section */

/* Begin PBXNativeTarget section */
		3AB986BA1D44EF0300A30343 /* minesweeper */ = {
			isa = PBXNativeTarget;
			buildConfigurationList = 3AB986C21D44EF0300A30343 /* Build configuration list for PBXNativeTarget "minesweeper" */;
			buildPhases = (
				3AB986B71D44EF0300A30343 /* Sources */,
				3AB986B81D44EF0300A30343 /* Frameworks */,
				3AB986B91D44EF0300A30343 /* CopyFiles */,
			);
			buildRules = (
			);
			dependencies = (
			);
			name = minesweeper;
			productName = minesweeper;
			productReference = 3AB986BB1D44EF0300A30343 /* minesweeper */;
			productType = "com.apple.product-type.tool";
		};
/* End PBXNativeTarget section */

/* Begin PBXProject section */
		3AB986B31D44EF0300A30343 /* Project object */ = {
			isa = PBXProject;
			attributes = {
				LastUpgradeCheck = 0720;
				ORGANIZATIONNAME = "Anton Suslov";
				TargetAttributes = {
					3AB986BA1D44EF0300A30343 = {
						CreatedOnToolsVersion = 7.2.1;
					};
				};
			};
			buildConfigurationList = 3AB986B61D44EF0300A30343 /* Build configuration list for PBXProject "minesweeper" */;
			compatibilityVersion = "Xcode 3.2";
			developmentRegion = English;
			hasScannedForEncodings = 0;
			knownRegions = (
				en,
			);
			mainGroup = 3AB986B21D44EF0300A30343;
			productRefGroup = 3AB986BC1D44EF0300A30343 /* Products */;
			projectDirPath = "";
			projectRoot = "";
			targets = (
				3AB986BA1D44EF0300A30343 /* minesweeper */,
			);
		};
/* End PBXProject section */

/* Begin PBXSourcesBuildPhase section */
		3AB986B71D44EF0300A30343 /* Sources */ = {
			isa = PBXSourcesBuildPhase;
			buildActionMask = 2147483647;
			files = (
				3AA481AC1D50CFEE004A3287 /* minesweeper.cpp in Sources */,
				3A7A76CC1D64D24400C2BB29 /* manager.cpp in Sources */,
				3AA481AF1D51189E004A3287 /* mineui.cpp in Sources */,
				3AA481B21D51C9D5004A3287 /* mineai.cpp in Sources */,
				3AB986BF1D44EF0300A30343 /* main.cpp in Sources */,
				3AA481B51D51DB3C004A3287 /* minemanager.cpp in Sources */,
			);
			runOnlyForDeploymentPostprocessing = 0;
		};
/* End PBXSourcesBuildPhase section */

/* Begin XCBuildConfiguration section */
		3AB986C01D44EF0300A30343 /* Debug */ = {
			isa = XCBuildConfiguration;
			buildSettings = {
				ALWAYS_SEARCH_USER_PATHS = NO;
				CLANG_CXX_LANGUAGE_STANDARD = "gnu++0x";
				CLANG_CXX_LIBRARY = "libc++";
				CLANG_ENABLE_MODULES = YES;
				CLANG_ENABLE_OBJC_ARC = YES;
				CLANG_WARN_BOOL_CONVERSION = YES;
				CLANG_WARN_CONSTANT_CONVERSION = YES;
				CLANG_WARN_DIRECT_OBJC_ISA_USAGE = YES_ERROR;
				CLANG_WARN_EMPTY_BODY = YES;
				CLANG_WARN_ENUM_CONVERSION = YES;
				CLANG_WARN_INT_CONVERSION = YES;
				CLANG_WARN_OBJC_ROOT_CLASS = YES_ERROR;
				CLANG_WARN_UNREACHABLE_CODE = YES;
				CLANG_WARN__DUPLICATE_METHOD_MATCH = YES;
				CODE_SIGN_IDENTITY = "-";
				COPY_PHASE_STRIP = NO;
				DEBUG_INFORMATION_FORMAT = dwarf;
				ENABLE_STRICT_OBJC_MSGSEND = YES;
				ENABLE_TESTABILITY = YES;
				GCC_C_LANGUAGE_STANDARD = gnu99;
				GCC_DYNAMIC_NO_PIC = NO;
				GCC_NO_COMMON_BLOCKS = YES;
				GCC_OPTIMIZATION_LEVEL = 0;
				GCC_PREPROCESSOR_DEFINITIONS = (
					"DEBUG=1",
					"$(inherited)",
				);
				GCC_WARN_64_TO_32_BIT_CONVERSION = YES;
				GCC_WARN_ABOUT_RETURN_TYPE = YES_ERROR;
				GCC_WARN_UNDECLARED_SELECTOR = YES;
				GCC_WARN_UNINITIALIZED_AUTOS = YES_AGGRESSIVE;
				GCC_WARN_UNUSED_FUNCTION = YES;
				GCC_WARN_UNUSED_VARIABLE = YES;
				MACOSX_DEPLOYMENT_TARGET = 10.10;
				MTL_ENABLE_DEBUG_INFO = YES;
				ONLY_ACTIVE_ARCH = YES;
				SDKROOT = macosx;
			};
			name = Debug;
		};
		3AB986C11D44EF0300A30343 /* Release */ = {
			isa = XCBuildConfiguration;
			buildSettings = {
				ALWAYS_SEARCH_USER_PATHS = NO;
				CLANG_CXX_LANGUAGE_STANDARD = "gnu++0x";
				CLANG_CXX_LIBRARY = "libc++";
				CLANG_ENABLE_MODULES = YES;
				CLANG_ENABLE_OBJC_ARC = YES;
				CLANG_WARN_BOOL_CONVERSION = YES;
				CLANG_WARN_CONSTANT_CONVERSION = YES;
				CLANG_WARN_DIRECT_OBJC_ISA_USAGE = YES_ERROR;
				CLANG_WARN_EMPTY_BODY = YES;
				CLANG_WARN_ENUM_CONVERSION = YES;
				CLANG_WARN_INT_CONVERSION = YES;
				CLANG_WARN_OBJC_ROOT_CLASS = YES_ERROR;
				CLANG_WARN_UNREACHABLE_CODE = YES;
				CLANG_WARN__DUPLICATE_METHOD_MATCH = YES;
				CODE_SIGN_IDENTITY = "-";
				COPY_PHASE_STRIP = NO;
				DEBUG_INFORMATION_FORMAT = "dwarf-with-dsym";
				ENABLE_NS_ASSERTIONS = NO;
				ENABLE_STRICT_OBJC_MSGSEND = YES;
				GCC_C_LANGUAGE_STANDARD = gnu99;
				GCC_NO_COMMON_BLOCKS = YES;
				GCC_WARN_64_TO_32_BIT_CONVERSION = YES;
				GCC_WARN_ABOUT_RETURN_TYPE = YES_ERROR;
				GCC_WARN_UNDECLARED_SELECTOR = YES;
				GCC_WARN_UNINITIALIZED_AUTOS = YES_AGGRESSIVE;
				GCC_WARN_UNUSED_FUNCTION = YES;
				GCC_WARN_UNUSED_VARIABLE = YES;
				MACOSX_DEPLOYMENT_TARGET = 10.10;
				MTL_ENABLE_DEBUG_INFO = NO;
				SDKROOT = macosx;
			};
			name = Release;
		};
		3AB986C31D44EF0300A30343 /* Debug */ = {
			isa = XCBuildConfiguration;
			buildSettings = {
				CLANG_CXX_LANGUAGE_STANDARD = "c++14";
				PRODUCT_NAME = "$(TARGET_NAME)";
			};
			name = Debug;
		};
		3AB986C41D44EF0300A30343 /* Release */ = {
			isa = XCBuildConfiguration;
			buildSettings = {
				CLANG_CXX_LANGUAGE_STANDARD = "c++14";
				PRODUCT_NAME = "$(TARGET_NAME)";
			};
			name = Release;
		};
/* End XCBuildConfiguration section */

/* Begin XCConfigurationList section */
		3AB986B61D44EF0300A30343 /* Build configuration list for PBXProject "minesweeper" */ = {
			isa = XCConfigurationList;
			buildConfigurations = (
				3AB986C01D44EF0300A30343 /* Debug */,
				3AB986C11D44EF0300A30343 /* Release */,
			);
			defaultConfigurationIsVisible = 0;
			defaultConfigurationName = Release;
		};
		3AB986C21D44EF0300A30343 /* Build configuration list for PBXNativeTarget "minesweeper" */ = {
			isa = XCConfigurationList;
			buildConfigurations = (
				3AB986C31D44EF0300A30343 /* Debug */,
				3AB986C41D44EF0300A30343 /* Release */,
			);
			defaultConfigurationIsVisible = 0;
			defaultConfigurationName = Release;
		};
/* End XCConfigurationList section */
	};
	rootObject = 3AB986B31D44EF0300A30343 /* Project object */;
}
